# Re-run the creation of the package-lock.json file after code execution environment reset
import json

package_lock_data = {
    "name": "check-quality",
    "version": "1.0.0",
    "lockfileVersion": 3,
    "requires": True,
    "packages": {
        "": {
            "name": "check-quality",
            "version": "1.0.0",
            "license": "ISC",
            "dependencies": {
                "express": "^4.18.2",
                "sharp": "^0.33.5"
            }
        }
    }
}

# Save to a file
lockfile_path = "/mnt/data/package-lock.json"
with open(lockfile_path, "w") as f:
    json.dump(package_lock_data, f, indent=2)

lockfile_path
